
Microsoft Visual Studio Solution File, Format Version 12.00
# Visual Studio Version 17
VisualStudioVersion = 17.0.31717.71
MinimumVisualStudioVersion = 10.0.40219.1
Project("{FAE04EC0-301F-11D3-BF4B-00C04F79EFBC}") = "GenericReverseProxy", "GenericReverseProxy\GenericReverseProxy.csproj", "{AB88C7F8-CD84-4DF0-8357-D6B347ADFCE9}"
EndProject
Global
	GlobalSection(SolutionConfigurationPlatforms) = preSolution
		Debug|Any CPU = Debug|Any CPU
		Release|Any CPU = Release|Any CPU
	EndGlobalSection
	GlobalSection(ProjectConfigurationPlatforms) = postSolution
		{AB88C7F8-CD84-4DF0-8357-D6B347ADFCE9}.Debug|Any CPU.ActiveCfg = Debug|Any CPU
		{AB88C7F8-CD84-4DF0-8357-D6B347ADFCE9}.Debug|Any CPU.Build.0 = Debug|Any CPU
		{AB88C7F8-CD84-4DF0-8357-D6B347ADFCE9}.Release|Any CPU.ActiveCfg = Release|Any CPU
		{AB88C7F8-CD84-4DF0-8357-D6B347ADFCE9}.Release|Any CPU.Build.0 = Release|Any CPU
	EndGlobalSection
	GlobalSection(SolutionProperties) = preSolution
		HideSolutionNode = FALSE
	EndGlobalSection
	GlobalSection(ExtensibilityGlobals) = postSolution
		SolutionGuid = {F4A190AD-119A-4B99-BB2F-47E3D861EAA4}
	EndGlobalSection
EndGlobal
